{
  "name": "@definejs/scroller",
  "version": "0.1.1",
  "lockfileVersion": 1,
  "requires": true,
  "dependencies": {
    "@definejs/define": {
      "version": "0.1.4",
      "resolved": "https://registry.npmjs.org/@definejs/define/-/define-0.1.4.tgz",
      "integrity": "sha512-xhrm75p58J/4QbguFfOtFtrXyS/J0fthzRfJH6OBEF8vJL8JXvkOsb1KFhc1w6AQff1RmgQQ9w9NWZIQLlElBg==",
      "requires": {
        "@definejs/emitter": "^0.1.1",
        "@definejs/module-manager": "^0.1.0",
        "@definejs/object": "^0.1.5",
        "@definejs/string": "^0.1.2"
      }
    },
    "@definejs/emitter": {
      "version": "0.1.3",
      "resolved": "https://registry.npmjs.org/@definejs/emitter/-/emitter-0.1.3.tgz",
      "integrity": "sha512-NlW5BBCpUTSrOEW4HotFkZYZ6HpkrEp21Brfq3UVc8t3hi9GkNs8SyBK/A9lbcuDcJybLC9pZT3ZLtgqZqx1Ng==",
      "requires": {
        "@definejs/object": "^0.1.2",
        "@definejs/tree": "^0.1.4"
      }
    },
    "@definejs/fn": {
      "version": "0.1.1",
      "resolved": "https://registry.npmjs.org/@definejs/fn/-/fn-0.1.1.tgz",
      "integrity": "sha512-O7xy7fTTwdt2i4rhVTU5jWih1MLEMJdqmLEtquoailz0lHVcFkKBs/vycZCvraczaimCRqF8WGDrXup2eTbmAw==",
      "requires": {
        "@definejs/math": "^0.1.2"
      }
    },
    "@definejs/html-parser": {
      "version": "0.1.0",
      "resolved": "https://registry.npmjs.org/@definejs/html-parser/-/html-parser-0.1.0.tgz",
      "integrity": "sha512-koVPRxJ3OpWGcnvgo43B7NVxGO8NEpgx2mEP51xpGT2+UGWhGb8vkNHqxRPjqXWSRSett1ZIS9cGitYbOi3h9Q=="
    },
    "@definejs/iscroll": {
      "version": "0.1.0",
      "resolved": "https://registry.npmjs.org/@definejs/iscroll/-/iscroll-0.1.0.tgz",
      "integrity": "sha512-aJoOx2ukbv7Un3i6u1q8IMNFiEGZafIQVSgwjhloXktr7eI+Ycl2Zt6zU6ZorAFtFHukSZkVMIhF8xYqVJNoWg=="
    },
    "@definejs/loading": {
      "version": "0.1.4",
      "resolved": "https://registry.npmjs.org/@definejs/loading/-/loading-0.1.4.tgz",
      "integrity": "sha512-8OniOQAc8q8ucMRPpq0pX3o9K4dbDL7f14xf0x3Im4CZeLUIx6lJIsQe4vlBV3DXkh1kDf4f18XINUDo6DVZEA==",
      "requires": {
        "@definejs/emitter": "^0.1.3",
        "@definejs/masker": "^0.1.0",
        "@definejs/object": "^0.1.6",
        "@definejs/string": "^0.1.4",
        "@definejs/style": "^0.1.0",
        "jquery": "^3.5.1"
      }
    },
    "@definejs/masker": {
      "version": "0.1.2",
      "resolved": "https://registry.npmjs.org/@definejs/masker/-/masker-0.1.2.tgz",
      "integrity": "sha512-YPROkDXgDXbJcNKs89oZAGh0yNM7hjmwVOyi+P2xvHj8bVlRQpK9Y67ASmJOgeUEJ86ec5fx0+TdKngIHTcV5A==",
      "requires": {
        "@definejs/emitter": "^0.1.3",
        "@definejs/object": "^0.1.6",
        "@definejs/string": "^0.1.4",
        "@definejs/style": "^0.1.0",
        "jquery": "^3.5.1"
      }
    },
    "@definejs/math": {
      "version": "0.1.3",
      "resolved": "https://registry.npmjs.org/@definejs/math/-/math-0.1.3.tgz",
      "integrity": "sha512-22dt5AsS/TgaklQ2lELoieBJA6VXiqnE3rK+8Xuz1cRUEkULUQBBGMzKzol1X1rTAZUBhUUXeRyU0rl8Qjkz2Q=="
    },
    "@definejs/module-manager": {
      "version": "0.1.3",
      "resolved": "https://registry.npmjs.org/@definejs/module-manager/-/module-manager-0.1.3.tgz",
      "integrity": "sha512-aa9wHD8lc16Xhm8hYNn5gioJReVJLl6VFMDsHAZc48inLKVcUtHYNqlxojBcwfgS4nCL+c5U9piMIde5vOmoeA=="
    },
    "@definejs/object": {
      "version": "0.1.6",
      "resolved": "https://registry.npmjs.org/@definejs/object/-/object-0.1.6.tgz",
      "integrity": "sha512-UiiKYGgOxQ5uvTT6mghby6UcEToegXiyn6ZjzSVsXdN7P6UE5G/P9FprihcMNbzqoWawGpsuPxCov+UCPkyHHA=="
    },
    "@definejs/panel": {
      "version": "0.1.1",
      "resolved": "https://registry.npmjs.org/@definejs/panel/-/panel-0.1.1.tgz",
      "integrity": "sha512-zOKy8p7vLzubbi0KIC9JMwx4rVSCRGMmsyhIRCgCizSNYAq6PVu7IXXq2Jb3NgYI0Hf6aJ+xUOZaInOPwzFgLg==",
      "requires": {
        "@definejs/define": "^0.1.4",
        "@definejs/emitter": "^0.1.3",
        "@definejs/object": "^0.1.5",
        "@definejs/string": "^0.1.3",
        "@definejs/template": "^0.1.0",
        "jquery": "^3.5.1"
      }
    },
    "@definejs/string": {
      "version": "0.1.4",
      "resolved": "https://registry.npmjs.org/@definejs/string/-/string-0.1.4.tgz",
      "integrity": "sha512-OitWJ7D7K+9A3fqoI4ZmfDs/KmGlvN6fwBMbJPxz0V1stYL7H+kotLcDABYYap//B52GIHYfFJ5rqMK9tOLDHA=="
    },
    "@definejs/style": {
      "version": "0.1.0",
      "resolved": "https://registry.npmjs.org/@definejs/style/-/style-0.1.0.tgz",
      "integrity": "sha512-J+sLpT0zS3oIhXm+EXX9iREhIhhwWhcWIag+raLuRb9RsCvVJTJ6SVq3ez0E71c2mlq6i8cbzTKp4m7vtCnCpw==",
      "requires": {
        "@definejs/object": "^0.1.5"
      }
    },
    "@definejs/template": {
      "version": "0.1.1",
      "resolved": "https://registry.npmjs.org/@definejs/template/-/template-0.1.1.tgz",
      "integrity": "sha512-Q5ct3fHStuhok1WqGSvCM6eus0hApiM4v/uHoTilKTg6zVjPLyecrfRu2+ioDSYlX8tLzSaiLMXvpK9llbmmpQ==",
      "requires": {
        "@definejs/emitter": "^0.1.3",
        "@definejs/html-parser": "^0.1.0",
        "@definejs/object": "^0.1.5",
        "@definejs/string": "^0.1.3",
        "jquery": "^3.5.1"
      }
    },
    "@definejs/tree": {
      "version": "0.1.5",
      "resolved": "https://registry.npmjs.org/@definejs/tree/-/tree-0.1.5.tgz",
      "integrity": "sha512-fuHw1Z2S8NlUUJiafnDc5PplSJflTtwy3cG/NaOT/YO3zcKEiP5DHk2a0Omq1Eeyhe4ynepY8IqhXaH937Uefg==",
      "requires": {
        "@definejs/object": "^0.1.0"
      }
    },
    "jquery": {
      "version": "3.5.1",
      "resolved": "https://registry.npmjs.org/jquery/-/jquery-3.5.1.tgz",
      "integrity": "sha512-XwIBPqcMn57FxfT+Go5pzySnm4KWkT1Tv7gjrpT1srtf8Weynl6R273VJ5GjkRb51IzMp5nbaPjJXMWeju2MKg=="
    }
  }
}
